
Microsoft Visual Studio Solution File, Format Version 12.00
# Visual Studio Version 17
VisualStudioVersion = 17.14.36804.6 d17.14
MinimumVisualStudioVersion = 10.0.40219.1
Project("{8BC9CEB8-8B4A-11D0-8D11-00A0C91BC942}") = "DXGameFrame", "DXGameFrame\DXGameFrame.vcxproj", "{8C460D09-34C4-4BB5-BB44-4EB3010F2828}"
EndProject
Global
	GlobalSection(SolutionConfigurationPlatforms) = preSolution
		Debug|x64 = Debug|x64
		Debug|x86 = Debug|x86
		Release|x64 = Release|x64
		Release|x86 = Release|x86
	EndGlobalSection
	GlobalSection(ProjectConfigurationPlatforms) = postSolution
		{8C460D09-34C4-4BB5-BB44-4EB3010F2828}.Debug|x64.ActiveCfg = Debug|x64
		{8C460D09-34C4-4BB5-BB44-4EB3010F2828}.Debug|x64.Build.0 = Debug|x64
		{8C460D09-34C4-4BB5-BB44-4EB3010F2828}.Debug|x86.ActiveCfg = Debug|Win32
		{8C460D09-34C4-4BB5-BB44-4EB3010F2828}.Debug|x86.Build.0 = Debug|Win32
		{8C460D09-34C4-4BB5-BB44-4EB3010F2828}.Release|x64.ActiveCfg = Release|x64
		{8C460D09-34C4-4BB5-BB44-4EB3010F2828}.Release|x64.Build.0 = Release|x64
		{8C460D09-34C4-4BB5-BB44-4EB3010F2828}.Release|x86.ActiveCfg = Release|Win32
		{8C460D09-34C4-4BB5-BB44-4EB3010F2828}.Release|x86.Build.0 = Release|Win32
	EndGlobalSection
	GlobalSection(SolutionProperties) = preSolution
		HideSolutionNode = FALSE
	EndGlobalSection
	GlobalSection(ExtensibilityGlobals) = postSolution
		SolutionGuid = {AB18E7F5-651E-4F4A-A0CF-42F0378C9D38}
	EndGlobalSection
EndGlobal
